
Microsoft Visual Studio Solution File, Format Version 9.00
# Visual Studio 2005
Project("{8BC9CEB8-8B4A-11D0-8D11-00A0C91BC942}") = "stbCA", "stbCA.vcproj", "{A2FF09AF-2D29-47EF-B352-4533B3330639}"
EndProject
Project("{8BC9CEB8-8B4A-11D0-8D11-00A0C91BC942}") = "TestCA", "TestCA.vcproj", "{B9CBC5A7-A337-471F-BC70-B6BF0D176682}"
	ProjectSection(ProjectDependencies) = postProject
		{A2FF09AF-2D29-47EF-B352-4533B3330639} = {A2FF09AF-2D29-47EF-B352-4533B3330639}
	EndProjectSection
EndProject
Global
	GlobalSection(SolutionConfigurationPlatforms) = preSolution
		Debug|Win32 = Debug|Win32
		Release|Win32 = Release|Win32
	EndGlobalSection
	GlobalSection(ProjectConfigurationPlatforms) = postSolution
		{A2FF09AF-2D29-47EF-B352-4533B3330639}.Debug|Win32.ActiveCfg = Debug|Win32
		{A2FF09AF-2D29-47EF-B352-4533B3330639}.Debug|Win32.Build.0 = Debug|Win32
		{A2FF09AF-2D29-47EF-B352-4533B3330639}.Release|Win32.ActiveCfg = Release|Win32
		{A2FF09AF-2D29-47EF-B352-4533B3330639}.Release|Win32.Build.0 = Release|Win32
		{B9CBC5A7-A337-471F-BC70-B6BF0D176682}.Debug|Win32.ActiveCfg = Debug|Win32
		{B9CBC5A7-A337-471F-BC70-B6BF0D176682}.Debug|Win32.Build.0 = Debug|Win32
		{B9CBC5A7-A337-471F-BC70-B6BF0D176682}.Release|Win32.ActiveCfg = Release|Win32
		{B9CBC5A7-A337-471F-BC70-B6BF0D176682}.Release|Win32.Build.0 = Release|Win32
	EndGlobalSection
	GlobalSection(SolutionProperties) = preSolution
		HideSolutionNode = FALSE
	EndGlobalSection
EndGlobal
